
Microsoft Visual Studio Solution File, Format Version 11.00
# Visual Studio 2010
Project("{FAE04EC0-301F-11D3-BF4B-00C04F79EFBC}") = "Assembly-CSharp", "Assembly-CSharp.csproj", "{4FB304A0-FE98-0B52-7DC2-9C8233BC4949}"
EndProject
Global
	GlobalSection(SolutionConfigurationPlatforms) = preSolution
		Debug|Any CPU = Debug|Any CPU
		Release|Any CPU = Release|Any CPU
	EndGlobalSection
	GlobalSection(ProjectConfigurationPlatforms) = postSolution
		{4FB304A0-FE98-0B52-7DC2-9C8233BC4949}.Debug|Any CPU.ActiveCfg = Debug|Any CPU
		{4FB304A0-FE98-0B52-7DC2-9C8233BC4949}.Debug|Any CPU.Build.0 = Debug|Any CPU
		{4FB304A0-FE98-0B52-7DC2-9C8233BC4949}.Release|Any CPU.ActiveCfg = Release|Any CPU
		{4FB304A0-FE98-0B52-7DC2-9C8233BC4949}.Release|Any CPU.Build.0 = Release|Any CPU
	EndGlobalSection
	GlobalSection(SolutionProperties) = preSolution
		HideSolutionNode = FALSE
	EndGlobalSection
EndGlobal
